
Microsoft Visual Studio Solution File, Format Version 12.00
# Visual Studio Version 17
VisualStudioVersion = 17.5.33424.131
MinimumVisualStudioVersion = 10.0.40219.1
Project("{FAE04EC0-301F-11D3-BF4B-00C04F79EFBC}") = "DelegatorStudent31", "DelegatorStudent31\DelegatorStudent31.csproj", "{1422C80E-67ED-4A6B-BF29-2F12E59C0B80}"
EndProject
Global
	GlobalSection(SolutionConfigurationPlatforms) = preSolution
		Debug|Any CPU = Debug|Any CPU
		Release|Any CPU = Release|Any CPU
	EndGlobalSection
	GlobalSection(ProjectConfigurationPlatforms) = postSolution
		{1422C80E-67ED-4A6B-BF29-2F12E59C0B80}.Debug|Any CPU.ActiveCfg = Debug|Any CPU
		{1422C80E-67ED-4A6B-BF29-2F12E59C0B80}.Debug|Any CPU.Build.0 = Debug|Any CPU
		{1422C80E-67ED-4A6B-BF29-2F12E59C0B80}.Release|Any CPU.ActiveCfg = Release|Any CPU
		{1422C80E-67ED-4A6B-BF29-2F12E59C0B80}.Release|Any CPU.Build.0 = Release|Any CPU
	EndGlobalSection
	GlobalSection(SolutionProperties) = preSolution
		HideSolutionNode = FALSE
	EndGlobalSection
	GlobalSection(ExtensibilityGlobals) = postSolution
		SolutionGuid = {5B8ADCAE-194D-41F2-B65D-E53AE5EDD288}
	EndGlobalSection
EndGlobal
